
Microsoft Visual Studio Solution File, Format Version 12.00
# Visual Studio 2013
VisualStudioVersion = 12.0.21005.1
MinimumVisualStudioVersion = 10.0.40219.1
Project("{FAE04EC0-301F-11D3-BF4B-00C04F79EFBC}") = "NEwpro", "NEwpro\NEwpro.csproj", "{2E23F471-E98A-45E0-8980-910796CBAFFA}"
EndProject
Global
	GlobalSection(SolutionConfigurationPlatforms) = preSolution
		Debug|Any CPU = Debug|Any CPU
		Release|Any CPU = Release|Any CPU
	EndGlobalSection
	GlobalSection(ProjectConfigurationPlatforms) = postSolution
		{2E23F471-E98A-45E0-8980-910796CBAFFA}.Debug|Any CPU.ActiveCfg = Debug|Any CPU
		{2E23F471-E98A-45E0-8980-910796CBAFFA}.Debug|Any CPU.Build.0 = Debug|Any CPU
		{2E23F471-E98A-45E0-8980-910796CBAFFA}.Release|Any CPU.ActiveCfg = Release|Any CPU
		{2E23F471-E98A-45E0-8980-910796CBAFFA}.Release|Any CPU.Build.0 = Release|Any CPU
	EndGlobalSection
	GlobalSection(SolutionProperties) = preSolution
		HideSolutionNode = FALSE
	EndGlobalSection
EndGlobal
